// !$*UTF8*$!
{
	archiveVersion = 1;
	classes = {
	};
	objectVersion = 51;
	objects = {

/* Begin PBXBuildFile section */
		25368FFD24F1B7EE002660F7 /* night.json in Resources */ = {isa = PBXBuildFile; fileRef = 25368FFA24F1B7EE002660F7 /* night.json */; };
		25368FFE24F1B7EE002660F7 /* cloud.json in Resources */ = {isa = PBXBuildFile; fileRef = 25368FFB24F1B7EE002660F7 /* cloud.json */; };
		25368FFF24F1B7EE002660F7 /* sunny.json in Resources */ = {isa = PBXBuildFile; fileRef = 25368FFC24F1B7EE002660F7 /* sunny.json */; };
		25614B7624F0ADD2006C66E9 /* AppDelegate.swift in Sources */ = {isa = PBXBuildFile; fileRef = 25614B7524F0ADD2006C66E9 /* AppDelegate.swift */; };
		25614B7A24F0ADD4006C66E9 /* Assets.xcassets in Resources */ = {isa = PBXBuildFile; fileRef = 25614B7924F0ADD4006C66E9 /* Assets.xcassets */; };
		25614B7D24F0ADD4006C66E9 /* Preview Assets.xcassets in Resources */ = {isa = PBXBuildFile; fileRef = 25614B7C24F0ADD4006C66E9 /* Preview Assets.xcassets */; };
		25614B8024F0ADD4006C66E9 /* Main.storyboard in Resources */ = {isa = PBXBuildFile; fileRef = 25614B7E24F0ADD4006C66E9 /* Main.storyboard */; };
		25614B8A24F0AE31006C66E9 /* MultipeerHelper.swift in Sources */ = {isa = PBXBuildFile; fileRef = 25614B8924F0AE31006C66E9 /* MultipeerHelper.swift */; };
		25614B8D24F0AE75006C66E9 /* ConnectedView.swift in Sources */ = {isa = PBXBuildFile; fileRef = 25614B8B24F0AE75006C66E9 /* ConnectedView.swift */; };
		25614B8E24F0AE75006C66E9 /* StartingView.swift in Sources */ = {isa = PBXBuildFile; fileRef = 25614B8C24F0AE75006C66E9 /* StartingView.swift */; };
		25614B9124F0AED8006C66E9 /* WaitingView.swift in Sources */ = {isa = PBXBuildFile; fileRef = 25614B9024F0AED8006C66E9 /* WaitingView.swift */; };
		25614B9624F0AF36006C66E9 /* ConnectingStateViewModel.swift in Sources */ = {isa = PBXBuildFile; fileRef = 25614B9524F0AF36006C66E9 /* ConnectingStateViewModel.swift */; };
		25614B9B24F0DF06006C66E9 /* LottieViewRepeated.swift in Sources */ = {isa = PBXBuildFile; fileRef = 25614B9A24F0DF06006C66E9 /* LottieViewRepeated.swift */; };
		25614C1624F0ECC1006C66E9 /* connection.json in Resources */ = {isa = PBXBuildFile; fileRef = 25614C1524F0ECC1006C66E9 /* connection.json */; };
		25614C1824F0ED9D006C66E9 /* ripples.json in Resources */ = {isa = PBXBuildFile; fileRef = 25614C1724F0ED9D006C66E9 /* ripples.json */; };
		25614C1A24F0F1AD006C66E9 /* birdie.json in Resources */ = {isa = PBXBuildFile; fileRef = 25614C1924F0F1AD006C66E9 /* birdie.json */; };
		25614C2424F193F2006C66E9 /* URLDataTask.swift in Sources */ = {isa = PBXBuildFile; fileRef = 25614C2324F193F2006C66E9 /* URLDataTask.swift */; };
		25614C2824F19944006C66E9 /* ColorExtension.swift in Sources */ = {isa = PBXBuildFile; fileRef = 25614C2724F19944006C66E9 /* ColorExtension.swift */; };
		A3F59EBD1447769388B5CEEA /* Pods_Hush.framework in Frameworks */ = {isa = PBXBuildFile; fileRef = 910F005172CF9174BBAE2B63 /* Pods_Hush.framework */; };
/* End PBXBuildFile section */

/* Begin PBXFileReference section */
		2172A33F970DF5691A15290B /* Pods-Hush.release.xcconfig */ = {isa = PBXFileReference; includeInIndex = 1; lastKnownFileType = text.xcconfig; name = "Pods-Hush.release.xcconfig"; path = "Target Support Files/Pods-Hush/Pods-Hush.release.xcconfig"; sourceTree = "<group>"; };
		25368FFA24F1B7EE002660F7 /* night.json */ = {isa = PBXFileReference; fileEncoding = 4; lastKnownFileType = text.json; path = night.json; sourceTree = "<group>"; };
		25368FFB24F1B7EE002660F7 /* cloud.json */ = {isa = PBXFileReference; fileEncoding = 4; lastKnownFileType = text.json; path = cloud.json; sourceTree = "<group>"; };
		25368FFC24F1B7EE002660F7 /* sunny.json */ = {isa = PBXFileReference; fileEncoding = 4; lastKnownFileType = text.json; path = sunny.json; sourceTree = "<group>"; };
		25614B7224F0ADD2006C66E9 /* Hush.app */ = {isa = PBXFileReference; explicitFileType = wrapper.application; includeInIndex = 0; path = Hush.app; sourceTree = BUILT_PRODUCTS_DIR; };
		25614B7524F0ADD2006C66E9 /* AppDelegate.swift */ = {isa = PBXFileReference; lastKnownFileType = sourcecode.swift; path = AppDelegate.swift; sourceTree = "<group>"; };
		25614B7924F0ADD4006C66E9 /* Assets.xcassets */ = {isa = PBXFileReference; lastKnownFileType = folder.assetcatalog; path = Assets.xcassets; sourceTree = "<group>"; };
		25614B7C24F0ADD4006C66E9 /* Preview Assets.xcassets */ = {isa = PBXFileReference; lastKnownFileType = folder.assetcatalog; path = "Preview Assets.xcassets"; sourceTree = "<group>"; };
		25614B7F24F0ADD4006C66E9 /* Base */ = {isa = PBXFileReference; lastKnownFileType = file.storyboard; name = Base; path = Base.lproj/Main.storyboard; sourceTree = "<group>"; };
		25614B8124F0ADD4006C66E9 /* Info.plist */ = {isa = PBXFileReference; lastKnownFileType = text.plist.xml; path = Info.plist; sourceTree = "<group>"; };
		25614B8224F0ADD4006C66E9 /* NoGankMac.entitlements */ = {isa = PBXFileReference; lastKnownFileType = text.plist.entitlements; path = NoGankMac.entitlements; sourceTree = "<group>"; };
		25614B8924F0AE31006C66E9 /* MultipeerHelper.swift */ = {isa = PBXFileReference; lastKnownFileType = sourcecode.swift; path = MultipeerHelper.swift; sourceTree = "<group>"; };
		25614B8B24F0AE75006C66E9 /* ConnectedView.swift */ = {isa = PBXFileReference; fileEncoding = 4; lastKnownFileType = sourcecode.swift; path = ConnectedView.swift; sourceTree = "<group>"; };
		25614B8C24F0AE75006C66E9 /* StartingView.swift */ = {isa = PBXFileReference; fileEncoding = 4; lastKnownFileType = sourcecode.swift; path = StartingView.swift; sourceTree = "<group>"; };
		25614B9024F0AED8006C66E9 /* WaitingView.swift */ = {isa = PBXFileReference; fileEncoding = 4; lastKnownFileType = sourcecode.swift; path = WaitingView.swift; sourceTree = "<group>"; };
		25614B9524F0AF36006C66E9 /* ConnectingStateViewModel.swift */ = {isa = PBXFileReference; fileEncoding = 4; lastKnownFileType = sourcecode.swift; path = ConnectingStateViewModel.swift; sourceTree = "<group>"; };
		25614B9A24F0DF06006C66E9 /* LottieViewRepeated.swift */ = {isa = PBXFileReference; lastKnownFileType = sourcecode.swift; path = LottieViewRepeated.swift; sourceTree = "<group>"; };
		25614C1524F0ECC1006C66E9 /* connection.json */ = {isa = PBXFileReference; fileEncoding = 4; lastKnownFileType = text.json; path = connection.json; sourceTree = "<group>"; };
		25614C1724F0ED9D006C66E9 /* ripples.json */ = {isa = PBXFileReference; fileEncoding = 4; lastKnownFileType = text.json; path = ripples.json; sourceTree = "<group>"; };
		25614C1924F0F1AD006C66E9 /* birdie.json */ = {isa = PBXFileReference; fileEncoding = 4; lastKnownFileType = text.json; path = birdie.json; sourceTree = "<group>"; };
		25614C2324F193F2006C66E9 /* URLDataTask.swift */ = {isa = PBXFileReference; lastKnownFileType = sourcecode.swift; path = URLDataTask.swift; sourceTree = "<group>"; };
		25614C2724F19944006C66E9 /* ColorExtension.swift */ = {isa = PBXFileReference; lastKnownFileType = sourcecode.swift; path = ColorExtension.swift; sourceTree = "<group>"; };
		3981ED6AF850A907B428B147 /* Pods-NoGankMac.release.xcconfig */ = {isa = PBXFileReference; includeInIndex = 1; lastKnownFileType = text.xcconfig; name = "Pods-NoGankMac.release.xcconfig"; path = "Target Support Files/Pods-NoGankMac/Pods-NoGankMac.release.xcconfig"; sourceTree = "<group>"; };
		667F9A5865A0E541C900E568 /* Pods-Hush.debug.xcconfig */ = {isa = PBXFileReference; includeInIndex = 1; lastKnownFileType = text.xcconfig; name = "Pods-Hush.debug.xcconfig"; path = "Target Support Files/Pods-Hush/Pods-Hush.debug.xcconfig"; sourceTree = "<group>"; };
		910F005172CF9174BBAE2B63 /* Pods_Hush.framework */ = {isa = PBXFileReference; explicitFileType = wrapper.framework; includeInIndex = 0; path = Pods_Hush.framework; sourceTree = BUILT_PRODUCTS_DIR; };
		9202DC57D59458F5C3B5C4F4 /* Pods-NoGankMac.debug.xcconfig */ = {isa = PBXFileReference; includeInIndex = 1; lastKnownFileType = text.xcconfig; name = "Pods-NoGankMac.debug.xcconfig"; path = "Target Support Files/Pods-NoGankMac/Pods-NoGankMac.debug.xcconfig"; sourceTree = "<group>"; };
/* End PBXFileReference section */

/* Begin PBXFrameworksBuildPhase section */
		25614B6F24F0ADD2006C66E9 /* Frameworks */ = {
			isa = PBXFrameworksBuildPhase;
			buildActionMask = 2147483647;
			files = (
				A3F59EBD1447769388B5CEEA /* Pods_Hush.framework in Frameworks */,
			);
			runOnlyForDeploymentPostprocessing = 0;
		};
/* End PBXFrameworksBuildPhase section */

/* Begin PBXGroup section */
		25614B6924F0ADD2006C66E9 = {
			isa = PBXGroup;
			children = (
				25614B7424F0ADD2006C66E9 /* NoGankMac */,
				25614B7324F0ADD2006C66E9 /* Products */,
				A8CD0EA01192E793BF507AB2 /* Pods */,
				4FE584D8B94EDDE34757D7C6 /* Frameworks */,
			);
			sourceTree = "<group>";
		};
		25614B7324F0ADD2006C66E9 /* Products */ = {
			isa = PBXGroup;
			children = (
				25614B7224F0ADD2006C66E9 /* Hush.app */,
			);
			name = Products;
			sourceTree = "<group>";
		};
		25614B7424F0ADD2006C66E9 /* NoGankMac */ = {
			isa = PBXGroup;
			children = (
				25614B7524F0ADD2006C66E9 /* AppDelegate.swift */,
				25614B8F24F0AE82006C66E9 /* View */,
				25614B8824F0AE1F006C66E9 /* Networking */,
				25614C1424F0EC17006C66E9 /* Lottie */,
				25614B7924F0ADD4006C66E9 /* Assets.xcassets */,
				25614B7E24F0ADD4006C66E9 /* Main.storyboard */,
				25614B8124F0ADD4006C66E9 /* Info.plist */,
				25614B8224F0ADD4006C66E9 /* NoGankMac.entitlements */,
				25614B7B24F0ADD4006C66E9 /* Preview Content */,
			);
			path = NoGankMac;
			sourceTree = "<group>";
		};
		25614B7B24F0ADD4006C66E9 /* Preview Content */ = {
			isa = PBXGroup;
			children = (
				25614B7C24F0ADD4006C66E9 /* Preview Assets.xcassets */,
			);
			path = "Preview Content";
			sourceTree = "<group>";
		};
		25614B8824F0AE1F006C66E9 /* Networking */ = {
			isa = PBXGroup;
			children = (
				25614B8924F0AE31006C66E9 /* MultipeerHelper.swift */,
				25614C2324F193F2006C66E9 /* URLDataTask.swift */,
				25614C2724F19944006C66E9 /* ColorExtension.swift */,
			);
			path = Networking;
			sourceTree = "<group>";
		};
		25614B8F24F0AE82006C66E9 /* View */ = {
			isa = PBXGroup;
			children = (
				25614B9224F0AEE3006C66E9 /* View Model */,
				25614B8B24F0AE75006C66E9 /* ConnectedView.swift */,
				25614B8C24F0AE75006C66E9 /* StartingView.swift */,
				25614B9024F0AED8006C66E9 /* WaitingView.swift */,
				25614B9A24F0DF06006C66E9 /* LottieViewRepeated.swift */,
			);
			path = View;
			sourceTree = "<group>";
		};
		25614B9224F0AEE3006C66E9 /* View Model */ = {
			isa = PBXGroup;
			children = (
				25614B9524F0AF36006C66E9 /* ConnectingStateViewModel.swift */,
			);
			path = "View Model";
			sourceTree = "<group>";
		};
		25614C1424F0EC17006C66E9 /* Lottie */ = {
			isa = PBXGroup;
			children = (
				25614C1724F0ED9D006C66E9 /* ripples.json */,
				25614C1924F0F1AD006C66E9 /* birdie.json */,
				25614C1524F0ECC1006C66E9 /* connection.json */,
				25368FFB24F1B7EE002660F7 /* cloud.json */,
				25368FFA24F1B7EE002660F7 /* night.json */,
				25368FFC24F1B7EE002660F7 /* sunny.json */,
			);
			path = Lottie;
			sourceTree = "<group>";
		};
		4FE584D8B94EDDE34757D7C6 /* Frameworks */ = {
			isa = PBXGroup;
			children = (
				910F005172CF9174BBAE2B63 /* Pods_Hush.framework */,
			);
			name = Frameworks;
			sourceTree = "<group>";
		};
		A8CD0EA01192E793BF507AB2 /* Pods */ = {
			isa = PBXGroup;
			children = (
				9202DC57D59458F5C3B5C4F4 /* Pods-NoGankMac.debug.xcconfig */,
				3981ED6AF850A907B428B147 /* Pods-NoGankMac.release.xcconfig */,
				667F9A5865A0E541C900E568 /* Pods-Hush.debug.xcconfig */,
				2172A33F970DF5691A15290B /* Pods-Hush.release.xcconfig */,
			);
			path = Pods;
			sourceTree = "<group>";
		};
/* End PBXGroup section */

/* Begin PBXNativeTarget section */
		25614B7124F0ADD2006C66E9 /* Hush */ = {
			isa = PBXNativeTarget;
			buildConfigurationList = 25614B8524F0ADD4006C66E9 /* Build configuration list for PBXNativeTarget "Hush" */;
			buildPhases = (
				3E758632705FEB1349DD87B5 /* [CP] Check Pods Manifest.lock */,
				25614B6E24F0ADD2006C66E9 /* Sources */,
				25614B6F24F0ADD2006C66E9 /* Frameworks */,
				25614B7024F0ADD2006C66E9 /* Resources */,
				004EFDDF11EE79E4CF8DAC79 /* [CP] Embed Pods Frameworks */,
			);
			buildRules = (
			);
			dependencies = (
			);
			name = Hush;
			productName = NoGankMac;
			productReference = 25614B7224F0ADD2006C66E9 /* Hush.app */;
			productType = "com.apple.product-type.application";
		};
/* End PBXNativeTarget section */

/* Begin PBXProject section */
		25614B6A24F0ADD2006C66E9 /* Project object */ = {
			isa = PBXProject;
			attributes = {
				LastSwiftUpdateCheck = 1200;
				LastUpgradeCheck = 1200;
				TargetAttributes = {
					25614B7124F0ADD2006C66E9 = {
						CreatedOnToolsVersion = 12.0;
					};
				};
			};
			buildConfigurationList = 25614B6D24F0ADD2006C66E9 /* Build configuration list for PBXProject "Hush" */;
			compatibilityVersion = "Xcode 9.3";
			developmentRegion = en;
			hasScannedForEncodings = 0;
			knownRegions = (
				en,
				Base,
			);
			mainGroup = 25614B6924F0ADD2006C66E9;
			productRefGroup = 25614B7324F0ADD2006C66E9 /* Products */;
			projectDirPath = "";
			projectRoot = "";
			targets = (
				25614B7124F0ADD2006C66E9 /* Hush */,
			);
		};
/* End PBXProject section */

/* Begin PBXResourcesBuildPhase section */
		25614B7024F0ADD2006C66E9 /* Resources */ = {
			isa = PBXResourcesBuildPhase;
			buildActionMask = 2147483647;
			files = (
				25614B8024F0ADD4006C66E9 /* Main.storyboard in Resources */,
				25368FFE24F1B7EE002660F7 /* cloud.json in Resources */,
				25368FFD24F1B7EE002660F7 /* night.json in Resources */,
				25614C1624F0ECC1006C66E9 /* connection.json in Resources */,
				25368FFF24F1B7EE002660F7 /* sunny.json in Resources */,
				25614B7D24F0ADD4006C66E9 /* Preview Assets.xcassets in Resources */,
				25614B7A24F0ADD4006C66E9 /* Assets.xcassets in Resources */,
				25614C1A24F0F1AD006C66E9 /* birdie.json in Resources */,
				25614C1824F0ED9D006C66E9 /* ripples.json in Resources */,
			);
			runOnlyForDeploymentPostprocessing = 0;
		};
/* End PBXResourcesBuildPhase section */

/* Begin PBXShellScriptBuildPhase section */
		004EFDDF11EE79E4CF8DAC79 /* [CP] Embed Pods Frameworks */ = {
			isa = PBXShellScriptBuildPhase;
			buildActionMask = 2147483647;
			files = (
			);
			inputFileListPaths = (
				"${PODS_ROOT}/Target Support Files/Pods-Hush/Pods-Hush-frameworks-${CONFIGURATION}-input-files.xcfilelist",
			);
			name = "[CP] Embed Pods Frameworks";
			outputFileListPaths = (
				"${PODS_ROOT}/Target Support Files/Pods-Hush/Pods-Hush-frameworks-${CONFIGURATION}-output-files.xcfilelist",
			);
			runOnlyForDeploymentPostprocessing = 0;
			shellPath = /bin/sh;
			shellScript = "\"${PODS_ROOT}/Target Support Files/Pods-Hush/Pods-Hush-frameworks.sh\"\n";
			showEnvVarsInLog = 0;
		};
		3E758632705FEB1349DD87B5 /* [CP] Check Pods Manifest.lock */ = {
			isa = PBXShellScriptBuildPhase;
			buildActionMask = 2147483647;
			files = (
			);
			inputFileListPaths = (
			);
			inputPaths = (
				"${PODS_PODFILE_DIR_PATH}/Podfile.lock",
				"${PODS_ROOT}/Manifest.lock",
			);
			name = "[CP] Check Pods Manifest.lock";
			outputFileListPaths = (
			);
			outputPaths = (
				"$(DERIVED_FILE_DIR)/Pods-Hush-checkManifestLockResult.txt",
			);
			runOnlyForDeploymentPostprocessing = 0;
			shellPath = /bin/sh;
			shellScript = "diff \"${PODS_PODFILE_DIR_PATH}/Podfile.lock\" \"${PODS_ROOT}/Manifest.lock\" > /dev/null\nif [ $? != 0 ] ; then\n    # print error to STDERR\n    echo \"error: The sandbox is not in sync with the Podfile.lock. Run 'pod install' or update your CocoaPods installation.\" >&2\n    exit 1\nfi\n# This output is used by Xcode 'outputs' to avoid re-running this script phase.\necho \"SUCCESS\" > \"${SCRIPT_OUTPUT_FILE_0}\"\n";
			showEnvVarsInLog = 0;
		};
/* End PBXShellScriptBuildPhase section */

/* Begin PBXSourcesBuildPhase section */
		25614B6E24F0ADD2006C66E9 /* Sources */ = {
			isa = PBXSourcesBuildPhase;
			buildActionMask = 2147483647;
			files = (
				25614B8D24F0AE75006C66E9 /* ConnectedView.swift in Sources */,
				25614B9124F0AED8006C66E9 /* WaitingView.swift in Sources */,
				25614B9624F0AF36006C66E9 /* ConnectingStateViewModel.swift in Sources */,
				25614B8A24F0AE31006C66E9 /* MultipeerHelper.swift in Sources */,
				25614C2424F193F2006C66E9 /* URLDataTask.swift in Sources */,
				25614B9B24F0DF06006C66E9 /* LottieViewRepeated.swift in Sources */,
				25614B7624F0ADD2006C66E9 /* AppDelegate.swift in Sources */,
				25614B8E24F0AE75006C66E9 /* StartingView.swift in Sources */,
				25614C2824F19944006C66E9 /* ColorExtension.swift in Sources */,
			);
			runOnlyForDeploymentPostprocessing = 0;
		};
/* End PBXSourcesBuildPhase section */

/* Begin PBXVariantGroup section */
		25614B7E24F0ADD4006C66E9 /* Main.storyboard */ = {
			isa = PBXVariantGroup;
			children = (
				25614B7F24F0ADD4006C66E9 /* Base */,
			);
			name = Main.storyboard;
			sourceTree = "<group>";
		};
/* End PBXVariantGroup section */

/* Begin XCBuildConfiguration section */
		25614B8324F0ADD4006C66E9 /* Debug */ = {
			isa = XCBuildConfiguration;
			buildSettings = {
				ALWAYS_SEARCH_USER_PATHS = NO;
				CLANG_ANALYZER_NONNULL = YES;
				CLANG_ANALYZER_NUMBER_OBJECT_CONVERSION = YES_AGGRESSIVE;
				CLANG_CXX_LANGUAGE_STANDARD = "gnu++14";
				CLANG_CXX_LIBRARY = "libc++";
				CLANG_ENABLE_MODULES = YES;
				CLANG_ENABLE_OBJC_ARC = YES;
				CLANG_ENABLE_OBJC_WEAK = YES;
				CLANG_WARN_BLOCK_CAPTURE_AUTORELEASING = YES;
				CLANG_WARN_BOOL_CONVERSION = YES;
				CLANG_WARN_COMMA = YES;
				CLANG_WARN_CONSTANT_CONVERSION = YES;
				CLANG_WARN_DEPRECATED_OBJC_IMPLEMENTATIONS = YES;
				CLANG_WARN_DIRECT_OBJC_ISA_USAGE = YES_ERROR;
				CLANG_WARN_DOCUMENTATION_COMMENTS = YES;
				CLANG_WARN_EMPTY_BODY = YES;
				CLANG_WARN_ENUM_CONVERSION = YES;
				CLANG_WARN_INFINITE_RECURSION = YES;
				CLANG_WARN_INT_CONVERSION = YES;
				CLANG_WARN_NON_LITERAL_NULL_CONVERSION = YES;
				CLANG_WARN_OBJC_IMPLICIT_RETAIN_SELF = YES;
				CLANG_WARN_OBJC_LITERAL_CONVERSION = YES;
				CLANG_WARN_OBJC_ROOT_CLASS = YES_ERROR;
				CLANG_WARN_QUOTED_INCLUDE_IN_FRAMEWORK_HEADER = YES;
				CLANG_WARN_RANGE_LOOP_ANALYSIS = YES;
				CLANG_WARN_STRICT_PROTOTYPES = YES;
				CLANG_WARN_SUSPICIOUS_MOVE = YES;
				CLANG_WARN_UNGUARDED_AVAILABILITY = YES_AGGRESSIVE;
				CLANG_WARN_UNREACHABLE_CODE = YES;
				CLANG_WARN__DUPLICATE_METHOD_MATCH = YES;
				COPY_PHASE_STRIP = NO;
				DEBUG_INFORMATION_FORMAT = dwarf;
				ENABLE_STRICT_OBJC_MSGSEND = YES;
				ENABLE_TESTABILITY = YES;
				GCC_C_LANGUAGE_STANDARD = gnu11;
				GCC_DYNAMIC_NO_PIC = NO;
				GCC_NO_COMMON_BLOCKS = YES;
				GCC_OPTIMIZATION_LEVEL = 0;
				GCC_PREPROCESSOR_DEFINITIONS = (
					"DEBUG=1",
					"$(inherited)",
				);
				GCC_WARN_64_TO_32_BIT_CONVERSION = YES;
				GCC_WARN_ABOUT_RETURN_TYPE = YES_ERROR;
				GCC_WARN_UNDECLARED_SELECTOR = YES;
				GCC_WARN_UNINITIALIZED_AUTOS = YES_AGGRESSIVE;
				GCC_WARN_UNUSED_FUNCTION = YES;
				GCC_WARN_UNUSED_VARIABLE = YES;
				MACOSX_DEPLOYMENT_TARGET = 11.0;
				MTL_ENABLE_DEBUG_INFO = INCLUDE_SOURCE;
				MTL_FAST_MATH = YES;
				ONLY_ACTIVE_ARCH = YES;
				SDKROOT = macosx;
				SWIFT_ACTIVE_COMPILATION_CONDITIONS = DEBUG;
				SWIFT_OPTIMIZATION_LEVEL = "-Onone";
			};
			name = Debug;
		};
		25614B8424F0ADD4006C66E9 /* Release */ = {
			isa = XCBuildConfiguration;
			buildSettings = {
				ALWAYS_SEARCH_USER_PATHS = NO;
				CLANG_ANALYZER_NONNULL = YES;
				CLANG_ANALYZER_NUMBER_OBJECT_CONVERSION = YES_AGGRESSIVE;
				CLANG_CXX_LANGUAGE_STANDARD = "gnu++14";
				CLANG_CXX_LIBRARY = "libc++";
				CLANG_ENABLE_MODULES = YES;
				CLANG_ENABLE_OBJC_ARC = YES;
				CLANG_ENABLE_OBJC_WEAK = YES;
				CLANG_WARN_BLOCK_CAPTURE_AUTORELEASING = YES;
				CLANG_WARN_BOOL_CONVERSION = YES;
				CLANG_WARN_COMMA = YES;
				CLANG_WARN_CONSTANT_CONVERSION = YES;
				CLANG_WARN_DEPRECATED_OBJC_IMPLEMENTATIONS = YES;
				CLANG_WARN_DIRECT_OBJC_ISA_USAGE = YES_ERROR;
				CLANG_WARN_DOCUMENTATION_COMMENTS = YES;
				CLANG_WARN_EMPTY_BODY = YES;
				CLANG_WARN_ENUM_CONVERSION = YES;
				CLANG_WARN_INFINITE_RECURSION = YES;
				CLANG_WARN_INT_CONVERSION = YES;
				CLANG_WARN_NON_LITERAL_NULL_CONVERSION = YES;
				CLANG_WARN_OBJC_IMPLICIT_RETAIN_SELF = YES;
				CLANG_WARN_OBJC_LITERAL_CONVERSION = YES;
				CLANG_WARN_OBJC_ROOT_CLASS = YES_ERROR;
				CLANG_WARN_QUOTED_INCLUDE_IN_FRAMEWORK_HEADER = YES;
				CLANG_WARN_RANGE_LOOP_ANALYSIS = YES;
				CLANG_WARN_STRICT_PROTOTYPES = YES;
				CLANG_WARN_SUSPICIOUS_MOVE = YES;
				CLANG_WARN_UNGUARDED_AVAILABILITY = YES_AGGRESSIVE;
				CLANG_WARN_UNREACHABLE_CODE = YES;
				CLANG_WARN__DUPLICATE_METHOD_MATCH = YES;
				COPY_PHASE_STRIP = NO;
				DEBUG_INFORMATION_FORMAT = "dwarf-with-dsym";
				ENABLE_NS_ASSERTIONS = NO;
				ENABLE_STRICT_OBJC_MSGSEND = YES;
				GCC_C_LANGUAGE_STANDARD = gnu11;
				GCC_NO_COMMON_BLOCKS = YES;
				GCC_WARN_64_TO_32_BIT_CONVERSION = YES;
				GCC_WARN_ABOUT_RETURN_TYPE = YES_ERROR;
				GCC_WARN_UNDECLARED_SELECTOR = YES;
				GCC_WARN_UNINITIALIZED_AUTOS = YES_AGGRESSIVE;
				GCC_WARN_UNUSED_FUNCTION = YES;
				GCC_WARN_UNUSED_VARIABLE = YES;
				MACOSX_DEPLOYMENT_TARGET = 11.0;
				MTL_ENABLE_DEBUG_INFO = NO;
				MTL_FAST_MATH = YES;
				SDKROOT = macosx;
				SWIFT_COMPILATION_MODE = wholemodule;
				SWIFT_OPTIMIZATION_LEVEL = "-O";
			};
			name = Release;
		};
		25614B8624F0ADD4006C66E9 /* Debug */ = {
			isa = XCBuildConfiguration;
			baseConfigurationReference = 667F9A5865A0E541C900E568 /* Pods-Hush.debug.xcconfig */;
			buildSettings = {
				ASSETCATALOG_COMPILER_APPICON_NAME = AppIcon;
				ASSETCATALOG_COMPILER_GLOBAL_ACCENT_COLOR_NAME = AccentColor;
				CODE_SIGN_ENTITLEMENTS = NoGankMac/NoGankMac.entitlements;
				CODE_SIGN_STYLE = Automatic;
				COMBINE_HIDPI_IMAGES = YES;
				DEVELOPMENT_ASSET_PATHS = "\"NoGankMac/Preview Content\"";
				DEVELOPMENT_TEAM = 8VU5ULQ45F;
				ENABLE_HARDENED_RUNTIME = YES;
				ENABLE_PREVIEWS = YES;
				INFOPLIST_FILE = NoGankMac/Info.plist;
				LD_RUNPATH_SEARCH_PATHS = (
					"$(inherited)",
					"@executable_path/../Frameworks",
				);
				MACOSX_DEPLOYMENT_TARGET = 11.0;
				PRODUCT_BUNDLE_IDENTIFIER = com.alanyan.NoGankMac;
				PRODUCT_NAME = "$(TARGET_NAME)";
				SWIFT_VERSION = 5.0;
			};
			name = Debug;
		};
		25614B8724F0ADD4006C66E9 /* Release */ = {
			isa = XCBuildConfiguration;
			baseConfigurationReference = 2172A33F970DF5691A15290B /* Pods-Hush.release.xcconfig */;
			buildSettings = {
				ASSETCATALOG_COMPILER_APPICON_NAME = AppIcon;
				ASSETCATALOG_COMPILER_GLOBAL_ACCENT_COLOR_NAME = AccentColor;
				CODE_SIGN_ENTITLEMENTS = NoGankMac/NoGankMac.entitlements;
				CODE_SIGN_STYLE = Automatic;
				COMBINE_HIDPI_IMAGES = YES;
				DEVELOPMENT_ASSET_PATHS = "\"NoGankMac/Preview Content\"";
				DEVELOPMENT_TEAM = 8VU5ULQ45F;
				ENABLE_HARDENED_RUNTIME = YES;
				ENABLE_PREVIEWS = YES;
				INFOPLIST_FILE = NoGankMac/Info.plist;
				LD_RUNPATH_SEARCH_PATHS = (
					"$(inherited)",
					"@executable_path/../Frameworks",
				);
				MACOSX_DEPLOYMENT_TARGET = 11.0;
				PRODUCT_BUNDLE_IDENTIFIER = com.alanyan.NoGankMac;
				PRODUCT_NAME = "$(TARGET_NAME)";
				SWIFT_VERSION = 5.0;
			};
			name = Release;
		};
/* End XCBuildConfiguration section */

/* Begin XCConfigurationList section */
		25614B6D24F0ADD2006C66E9 /* Build configuration list for PBXProject "Hush" */ = {
			isa = XCConfigurationList;
			buildConfigurations = (
				25614B8324F0ADD4006C66E9 /* Debug */,
				25614B8424F0ADD4006C66E9 /* Release */,
			);
			defaultConfigurationIsVisible = 0;
			defaultConfigurationName = Release;
		};
		25614B8524F0ADD4006C66E9 /* Build configuration list for PBXNativeTarget "Hush" */ = {
			isa = XCConfigurationList;
			buildConfigurations = (
				25614B8624F0ADD4006C66E9 /* Debug */,
				25614B8724F0ADD4006C66E9 /* Release */,
			);
			defaultConfigurationIsVisible = 0;
			defaultConfigurationName = Release;
		};
/* End XCConfigurationList section */
	};
	rootObject = 25614B6A24F0ADD2006C66E9 /* Project object */;
}
